
Microsoft Visual Studio Solution File, Format Version 12.00
# Visual Studio Version 16
VisualStudioVersion = 16.0.29709.97
MinimumVisualStudioVersion = 10.0.40219.1
Project("{FAE04EC0-301F-11D3-BF4B-00C04F79EFBC}") = "ITApp5", "ITApp5\ITApp5.csproj", "{B2128281-96BE-4079-B731-ED96B94E38A4}"
EndProject
Global
	GlobalSection(SolutionConfigurationPlatforms) = preSolution
		Debug|Any CPU = Debug|Any CPU
		Release|Any CPU = Release|Any CPU
	EndGlobalSection
	GlobalSection(ProjectConfigurationPlatforms) = postSolution
		{B2128281-96BE-4079-B731-ED96B94E38A4}.Debug|Any CPU.ActiveCfg = Debug|Any CPU
		{B2128281-96BE-4079-B731-ED96B94E38A4}.Debug|Any CPU.Build.0 = Debug|Any CPU
		{B2128281-96BE-4079-B731-ED96B94E38A4}.Release|Any CPU.ActiveCfg = Release|Any CPU
		{B2128281-96BE-4079-B731-ED96B94E38A4}.Release|Any CPU.Build.0 = Release|Any CPU
	EndGlobalSection
	GlobalSection(SolutionProperties) = preSolution
		HideSolutionNode = FALSE
	EndGlobalSection
	GlobalSection(ExtensibilityGlobals) = postSolution
		SolutionGuid = {94057BFC-743F-4C85-98B8-B3D2951194FC}
	EndGlobalSection
EndGlobal
