
Microsoft Visual Studio Solution File, Format Version 12.00
# Visual Studio Version 16
VisualStudioVersion = 16.0.29709.97
MinimumVisualStudioVersion = 10.0.40219.1
Project("{FAE04EC0-301F-11D3-BF4B-00C04F79EFBC}") = "ITApp8", "ITApp8\ITApp8.csproj", "{0E87FC9E-7D74-4BB3-8848-3AC7E5452B40}"
EndProject
Global
	GlobalSection(SolutionConfigurationPlatforms) = preSolution
		Debug|Any CPU = Debug|Any CPU
		Release|Any CPU = Release|Any CPU
	EndGlobalSection
	GlobalSection(ProjectConfigurationPlatforms) = postSolution
		{0E87FC9E-7D74-4BB3-8848-3AC7E5452B40}.Debug|Any CPU.ActiveCfg = Debug|Any CPU
		{0E87FC9E-7D74-4BB3-8848-3AC7E5452B40}.Debug|Any CPU.Build.0 = Debug|Any CPU
		{0E87FC9E-7D74-4BB3-8848-3AC7E5452B40}.Release|Any CPU.ActiveCfg = Release|Any CPU
		{0E87FC9E-7D74-4BB3-8848-3AC7E5452B40}.Release|Any CPU.Build.0 = Release|Any CPU
	EndGlobalSection
	GlobalSection(SolutionProperties) = preSolution
		HideSolutionNode = FALSE
	EndGlobalSection
	GlobalSection(ExtensibilityGlobals) = postSolution
		SolutionGuid = {96B11571-ACB9-4E50-9F67-A7993D32BB4D}
	EndGlobalSection
EndGlobal
