
Microsoft Visual Studio Solution File, Format Version 12.00
# Visual Studio Version 16
VisualStudioVersion = 16.0.31019.35
MinimumVisualStudioVersion = 10.0.40219.1
Project("{FAE04EC0-301F-11D3-BF4B-00C04F79EFBC}") = "ITApp6", "ITApp6\ITApp6.csproj", "{CD4A587B-5522-48B0-AB4B-209E09C1BFA0}"
EndProject
Global
	GlobalSection(SolutionConfigurationPlatforms) = preSolution
		Debug|Any CPU = Debug|Any CPU
		Release|Any CPU = Release|Any CPU
	EndGlobalSection
	GlobalSection(ProjectConfigurationPlatforms) = postSolution
		{CD4A587B-5522-48B0-AB4B-209E09C1BFA0}.Debug|Any CPU.ActiveCfg = Debug|Any CPU
		{CD4A587B-5522-48B0-AB4B-209E09C1BFA0}.Debug|Any CPU.Build.0 = Debug|Any CPU
		{CD4A587B-5522-48B0-AB4B-209E09C1BFA0}.Release|Any CPU.ActiveCfg = Release|Any CPU
		{CD4A587B-5522-48B0-AB4B-209E09C1BFA0}.Release|Any CPU.Build.0 = Release|Any CPU
	EndGlobalSection
	GlobalSection(SolutionProperties) = preSolution
		HideSolutionNode = FALSE
	EndGlobalSection
	GlobalSection(ExtensibilityGlobals) = postSolution
		SolutionGuid = {EDE940AD-7CF6-46ED-BCB5-C0A788DF640B}
	EndGlobalSection
EndGlobal
