
Microsoft Visual Studio Solution File, Format Version 12.00
# Visual Studio Version 16
VisualStudioVersion = 16.0.29709.97
MinimumVisualStudioVersion = 10.0.40219.1
Project("{FAE04EC0-301F-11D3-BF4B-00C04F79EFBC}") = "ITApp7", "ITApp7\ITApp7.csproj", "{F888B669-6FAF-403D-8F34-BDB456C8178B}"
EndProject
Global
	GlobalSection(SolutionConfigurationPlatforms) = preSolution
		Debug|Any CPU = Debug|Any CPU
		Release|Any CPU = Release|Any CPU
	EndGlobalSection
	GlobalSection(ProjectConfigurationPlatforms) = postSolution
		{F888B669-6FAF-403D-8F34-BDB456C8178B}.Debug|Any CPU.ActiveCfg = Debug|Any CPU
		{F888B669-6FAF-403D-8F34-BDB456C8178B}.Debug|Any CPU.Build.0 = Debug|Any CPU
		{F888B669-6FAF-403D-8F34-BDB456C8178B}.Release|Any CPU.ActiveCfg = Release|Any CPU
		{F888B669-6FAF-403D-8F34-BDB456C8178B}.Release|Any CPU.Build.0 = Release|Any CPU
	EndGlobalSection
	GlobalSection(SolutionProperties) = preSolution
		HideSolutionNode = FALSE
	EndGlobalSection
	GlobalSection(ExtensibilityGlobals) = postSolution
		SolutionGuid = {3FEAE158-62EA-4698-ACAD-7C83F9440726}
	EndGlobalSection
EndGlobal
